// !$*UTF8*$!
{
	archiveVersion = 1;
	classes = {
	};
	objectVersion = 56;
	objects = {

/* Begin PBXBuildFile section */
		39471123291299FF00D1D509 /* Mouth.swift in Sources */ = {isa = PBXBuildFile; fileRef = 39471116291299FE00D1D509 /* Mouth.swift */; };
		39471124291299FF00D1D509 /* Head.swift in Sources */ = {isa = PBXBuildFile; fileRef = 39471117291299FE00D1D509 /* Head.swift */; };
		39471125291299FF00D1D509 /* RightEar.swift in Sources */ = {isa = PBXBuildFile; fileRef = 39471118291299FE00D1D509 /* RightEar.swift */; };
		39471126291299FF00D1D509 /* LeftEye.swift in Sources */ = {isa = PBXBuildFile; fileRef = 39471119291299FE00D1D509 /* LeftEye.swift */; };
		39471127291299FF00D1D509 /* LeftEarMask.swift in Sources */ = {isa = PBXBuildFile; fileRef = 3947111A291299FE00D1D509 /* LeftEarMask.swift */; };
		39471128291299FF00D1D509 /* RightEye.swift in Sources */ = {isa = PBXBuildFile; fileRef = 3947111B291299FE00D1D509 /* RightEye.swift */; };
		39471129291299FF00D1D509 /* RightEarMask.swift in Sources */ = {isa = PBXBuildFile; fileRef = 3947111C291299FF00D1D509 /* RightEarMask.swift */; };
		3947112A291299FF00D1D509 /* RightArm.swift in Sources */ = {isa = PBXBuildFile; fileRef = 3947111D291299FF00D1D509 /* RightArm.swift */; };
		3947112B291299FF00D1D509 /* Nose.swift in Sources */ = {isa = PBXBuildFile; fileRef = 3947111E291299FF00D1D509 /* Nose.swift */; };
		3947112C291299FF00D1D509 /* LeftEar.swift in Sources */ = {isa = PBXBuildFile; fileRef = 3947111F291299FF00D1D509 /* LeftEar.swift */; };
		3947112D291299FF00D1D509 /* Muzzle.swift in Sources */ = {isa = PBXBuildFile; fileRef = 39471120291299FF00D1D509 /* Muzzle.swift */; };
		3947112E291299FF00D1D509 /* Body.swift in Sources */ = {isa = PBXBuildFile; fileRef = 39471121291299FF00D1D509 /* Body.swift */; };
		3947112F291299FF00D1D509 /* LeftArm.swift in Sources */ = {isa = PBXBuildFile; fileRef = 39471122291299FF00D1D509 /* LeftArm.swift */; };
		3947113929129A4800D1D509 /* CritterView.swift in Sources */ = {isa = PBXBuildFile; fileRef = 3947113629129A4800D1D509 /* CritterView.swift */; };
		3947113A29129A4800D1D509 /* CritterAssets.swift in Sources */ = {isa = PBXBuildFile; fileRef = 3947113729129A4800D1D509 /* CritterAssets.swift */; };
		3947113B29129A4800D1D509 /* CritterAnimatable.swift in Sources */ = {isa = PBXBuildFile; fileRef = 3947113829129A4800D1D509 /* CritterAnimatable.swift */; };
		3947114029129A9D00D1D509 /* UIColors+ColorPallete.swift in Sources */ = {isa = PBXBuildFile; fileRef = 3947113D29129A9D00D1D509 /* UIColors+ColorPallete.swift */; };
		3947114129129A9D00D1D509 /* CATransform3D+Helper.swift in Sources */ = {isa = PBXBuildFile; fileRef = 3947113E29129A9D00D1D509 /* CATransform3D+Helper.swift */; };
		3947114229129A9D00D1D509 /* Degree.swift in Sources */ = {isa = PBXBuildFile; fileRef = 3947113F29129A9D00D1D509 /* Degree.swift */; };
		39B3FAB1290FB7BF00B04D0D /* Extensions.swift in Sources */ = {isa = PBXBuildFile; fileRef = 39B3FAB0290FB7BF00B04D0D /* Extensions.swift */; };
		39BA8792290FAAA600611E25 /* AppDelegate.swift in Sources */ = {isa = PBXBuildFile; fileRef = 39BA8791290FAAA600611E25 /* AppDelegate.swift */; };
		39BA8794290FAAA600611E25 /* SceneDelegate.swift in Sources */ = {isa = PBXBuildFile; fileRef = 39BA8793290FAAA600611E25 /* SceneDelegate.swift */; };
		39BA8796290FAAA600611E25 /* ConversationsViewController.swift in Sources */ = {isa = PBXBuildFile; fileRef = 39BA8795290FAAA600611E25 /* ConversationsViewController.swift */; };
		39BA8799290FAAA600611E25 /* Main.storyboard in Resources */ = {isa = PBXBuildFile; fileRef = 39BA8797290FAAA600611E25 /* Main.storyboard */; };
		39BA879B290FAAAA00611E25 /* Assets.xcassets in Resources */ = {isa = PBXBuildFile; fileRef = 39BA879A290FAAAA00611E25 /* Assets.xcassets */; };
		39BA879E290FAAAA00611E25 /* LaunchScreen.storyboard in Resources */ = {isa = PBXBuildFile; fileRef = 39BA879C290FAAAA00611E25 /* LaunchScreen.storyboard */; };
		39BA87AC290FACF700611E25 /* LoginViewController.swift in Sources */ = {isa = PBXBuildFile; fileRef = 39BA87AB290FACF700611E25 /* LoginViewController.swift */; };
		39BA87AE290FAD0B00611E25 /* RegisterViewController.swift in Sources */ = {isa = PBXBuildFile; fileRef = 39BA87AD290FAD0B00611E25 /* RegisterViewController.swift */; };
		39BA87B1290FAD3800611E25 /* PhotoViewerViewController.swift in Sources */ = {isa = PBXBuildFile; fileRef = 39BA87B0290FAD3800611E25 /* PhotoViewerViewController.swift */; };
		39BA87B3290FAD4C00611E25 /* VideoPlayerViewController.swift in Sources */ = {isa = PBXBuildFile; fileRef = 39BA87B2290FAD4C00611E25 /* VideoPlayerViewController.swift */; };
		39BA87B5290FAD7200611E25 /* NewConversationViewController.swift in Sources */ = {isa = PBXBuildFile; fileRef = 39BA87B4290FAD7200611E25 /* NewConversationViewController.swift */; };
		39BA87B7290FAD8700611E25 /* ProfileViewController.swift in Sources */ = {isa = PBXBuildFile; fileRef = 39BA87B6290FAD8700611E25 /* ProfileViewController.swift */; };
		39EDEE6A290FF4AF00F02FB5 /* DatabaseManager.swift in Sources */ = {isa = PBXBuildFile; fileRef = 39EDEE69290FF4AF00F02FB5 /* DatabaseManager.swift */; };
		39EDEE6C290FF7FA00F02FB5 /* GoogleService-Info.plist in Resources */ = {isa = PBXBuildFile; fileRef = 39EDEE6B290FF7FA00F02FB5 /* GoogleService-Info.plist */; };
		D567D2CA50BC2F20D8748921 /* Pods_MessengerApp.framework in Frameworks */ = {isa = PBXBuildFile; fileRef = 3A01FB976874A88EEF5FF371 /* Pods_MessengerApp.framework */; };
/* End PBXBuildFile section */

/* Begin PBXFileReference section */
		1C42B06FBA27BFC4D62BF2A6 /* Pods-MessengerApp.debug.xcconfig */ = {isa = PBXFileReference; includeInIndex = 1; lastKnownFileType = text.xcconfig; name = "Pods-MessengerApp.debug.xcconfig"; path = "Target Support Files/Pods-MessengerApp/Pods-MessengerApp.debug.xcconfig"; sourceTree = "<group>"; };
		1CDCB82A6A23E424ED463400 /* Pods-MessengerApp.release.xcconfig */ = {isa = PBXFileReference; includeInIndex = 1; lastKnownFileType = text.xcconfig; name = "Pods-MessengerApp.release.xcconfig"; path = "Target Support Files/Pods-MessengerApp/Pods-MessengerApp.release.xcconfig"; sourceTree = "<group>"; };
		39471116291299FE00D1D509 /* Mouth.swift */ = {isa = PBXFileReference; fileEncoding = 4; lastKnownFileType = sourcecode.swift; path = Mouth.swift; sourceTree = "<group>"; };
		39471117291299FE00D1D509 /* Head.swift */ = {isa = PBXFileReference; fileEncoding = 4; lastKnownFileType = sourcecode.swift; path = Head.swift; sourceTree = "<group>"; };
		39471118291299FE00D1D509 /* RightEar.swift */ = {isa = PBXFileReference; fileEncoding = 4; lastKnownFileType = sourcecode.swift; path = RightEar.swift; sourceTree = "<group>"; };
		39471119291299FE00D1D509 /* LeftEye.swift */ = {isa = PBXFileReference; fileEncoding = 4; lastKnownFileType = sourcecode.swift; path = LeftEye.swift; sourceTree = "<group>"; };
		3947111A291299FE00D1D509 /* LeftEarMask.swift */ = {isa = PBXFileReference; fileEncoding = 4; lastKnownFileType = sourcecode.swift; path = LeftEarMask.swift; sourceTree = "<group>"; };
		3947111B291299FE00D1D509 /* RightEye.swift */ = {isa = PBXFileReference; fileEncoding = 4; lastKnownFileType = sourcecode.swift; path = RightEye.swift; sourceTree = "<group>"; };
		3947111C291299FF00D1D509 /* RightEarMask.swift */ = {isa = PBXFileReference; fileEncoding = 4; lastKnownFileType = sourcecode.swift; path = RightEarMask.swift; sourceTree = "<group>"; };
		3947111D291299FF00D1D509 /* RightArm.swift */ = {isa = PBXFileReference; fileEncoding = 4; lastKnownFileType = sourcecode.swift; path = RightArm.swift; sourceTree = "<group>"; };
		3947111E291299FF00D1D509 /* Nose.swift */ = {isa = PBXFileReference; fileEncoding = 4; lastKnownFileType = sourcecode.swift; path = Nose.swift; sourceTree = "<group>"; };
		3947111F291299FF00D1D509 /* LeftEar.swift */ = {isa = PBXFileReference; fileEncoding = 4; lastKnownFileType = sourcecode.swift; path = LeftEar.swift; sourceTree = "<group>"; };
		39471120291299FF00D1D509 /* Muzzle.swift */ = {isa = PBXFileReference; fileEncoding = 4; lastKnownFileType = sourcecode.swift; path = Muzzle.swift; sourceTree = "<group>"; };
		39471121291299FF00D1D509 /* Body.swift */ = {isa = PBXFileReference; fileEncoding = 4; lastKnownFileType = sourcecode.swift; path = Body.swift; sourceTree = "<group>"; };
		39471122291299FF00D1D509 /* LeftArm.swift */ = {isa = PBXFileReference; fileEncoding = 4; lastKnownFileType = sourcecode.swift; path = LeftArm.swift; sourceTree = "<group>"; };
		3947113629129A4800D1D509 /* CritterView.swift */ = {isa = PBXFileReference; fileEncoding = 4; lastKnownFileType = sourcecode.swift; path = CritterView.swift; sourceTree = "<group>"; };
		3947113729129A4800D1D509 /* CritterAssets.swift */ = {isa = PBXFileReference; fileEncoding = 4; lastKnownFileType = sourcecode.swift; path = CritterAssets.swift; sourceTree = "<group>"; };
		3947113829129A4800D1D509 /* CritterAnimatable.swift */ = {isa = PBXFileReference; fileEncoding = 4; lastKnownFileType = sourcecode.swift; path = CritterAnimatable.swift; sourceTree = "<group>"; };
		3947113D29129A9D00D1D509 /* UIColors+ColorPallete.swift */ = {isa = PBXFileReference; fileEncoding = 4; lastKnownFileType = sourcecode.swift; path = "UIColors+ColorPallete.swift"; sourceTree = "<group>"; };
		3947113E29129A9D00D1D509 /* CATransform3D+Helper.swift */ = {isa = PBXFileReference; fileEncoding = 4; lastKnownFileType = sourcecode.swift; path = "CATransform3D+Helper.swift"; sourceTree = "<group>"; };
		3947113F29129A9D00D1D509 /* Degree.swift */ = {isa = PBXFileReference; fileEncoding = 4; lastKnownFileType = sourcecode.swift; path = Degree.swift; sourceTree = "<group>"; };
		39B3FAB0290FB7BF00B04D0D /* Extensions.swift */ = {isa = PBXFileReference; lastKnownFileType = sourcecode.swift; path = Extensions.swift; sourceTree = "<group>"; };
		39BA878E290FAAA600611E25 /* Taygır.app */ = {isa = PBXFileReference; explicitFileType = wrapper.application; includeInIndex = 0; path = "Taygır.app"; sourceTree = BUILT_PRODUCTS_DIR; };
		39BA8791290FAAA600611E25 /* AppDelegate.swift */ = {isa = PBXFileReference; lastKnownFileType = sourcecode.swift; path = AppDelegate.swift; sourceTree = "<group>"; };
		39BA8793290FAAA600611E25 /* SceneDelegate.swift */ = {isa = PBXFileReference; lastKnownFileType = sourcecode.swift; path = SceneDelegate.swift; sourceTree = "<group>"; };
		39BA8795290FAAA600611E25 /* ConversationsViewController.swift */ = {isa = PBXFileReference; lastKnownFileType = sourcecode.swift; path = ConversationsViewController.swift; sourceTree = "<group>"; };
		39BA8798290FAAA600611E25 /* Base */ = {isa = PBXFileReference; lastKnownFileType = file.storyboard; name = Base; path = Base.lproj/Main.storyboard; sourceTree = "<group>"; };
		39BA879A290FAAAA00611E25 /* Assets.xcassets */ = {isa = PBXFileReference; lastKnownFileType = folder.assetcatalog; path = Assets.xcassets; sourceTree = "<group>"; };
		39BA879D290FAAAA00611E25 /* Base */ = {isa = PBXFileReference; lastKnownFileType = file.storyboard; name = Base; path = Base.lproj/LaunchScreen.storyboard; sourceTree = "<group>"; };
		39BA879F290FAAAA00611E25 /* Info.plist */ = {isa = PBXFileReference; lastKnownFileType = text.plist.xml; path = Info.plist; sourceTree = "<group>"; };
		39BA87AB290FACF700611E25 /* LoginViewController.swift */ = {isa = PBXFileReference; lastKnownFileType = sourcecode.swift; path = LoginViewController.swift; sourceTree = "<group>"; };
		39BA87AD290FAD0B00611E25 /* RegisterViewController.swift */ = {isa = PBXFileReference; lastKnownFileType = sourcecode.swift; path = RegisterViewController.swift; sourceTree = "<group>"; };
		39BA87B0290FAD3800611E25 /* PhotoViewerViewController.swift */ = {isa = PBXFileReference; lastKnownFileType = sourcecode.swift; path = PhotoViewerViewController.swift; sourceTree = "<group>"; };
		39BA87B2290FAD4C00611E25 /* VideoPlayerViewController.swift */ = {isa = PBXFileReference; lastKnownFileType = sourcecode.swift; path = VideoPlayerViewController.swift; sourceTree = "<group>"; };
		39BA87B4290FAD7200611E25 /* NewConversationViewController.swift */ = {isa = PBXFileReference; lastKnownFileType = sourcecode.swift; path = NewConversationViewController.swift; sourceTree = "<group>"; };
		39BA87B6290FAD8700611E25 /* ProfileViewController.swift */ = {isa = PBXFileReference; lastKnownFileType = sourcecode.swift; path = ProfileViewController.swift; sourceTree = "<group>"; };
		39EDEE69290FF4AF00F02FB5 /* DatabaseManager.swift */ = {isa = PBXFileReference; lastKnownFileType = sourcecode.swift; path = DatabaseManager.swift; sourceTree = "<group>"; };
		39EDEE6B290FF7FA00F02FB5 /* GoogleService-Info.plist */ = {isa = PBXFileReference; fileEncoding = 4; lastKnownFileType = text.plist.xml; path = "GoogleService-Info.plist"; sourceTree = "<group>"; };
		3A01FB976874A88EEF5FF371 /* Pods_MessengerApp.framework */ = {isa = PBXFileReference; explicitFileType = wrapper.framework; includeInIndex = 0; path = Pods_MessengerApp.framework; sourceTree = BUILT_PRODUCTS_DIR; };
/* End PBXFileReference section */

/* Begin PBXFrameworksBuildPhase section */
		39BA878B290FAAA600611E25 /* Frameworks */ = {
			isa = PBXFrameworksBuildPhase;
			buildActionMask = 2147483647;
			files = (
				D567D2CA50BC2F20D8748921 /* Pods_MessengerApp.framework in Frameworks */,
			);
			runOnlyForDeploymentPostprocessing = 0;
		};
/* End PBXFrameworksBuildPhase section */

/* Begin PBXGroup section */
		39471114291299C500D1D509 /* Critter */ = {
			isa = PBXGroup;
			children = (
				3947113829129A4800D1D509 /* CritterAnimatable.swift */,
				3947113729129A4800D1D509 /* CritterAssets.swift */,
				3947113629129A4800D1D509 /* CritterView.swift */,
				39471115291299E000D1D509 /* Parts */,
			);
			path = Critter;
			sourceTree = "<group>";
		};
		39471115291299E000D1D509 /* Parts */ = {
			isa = PBXGroup;
			children = (
				39471121291299FF00D1D509 /* Body.swift */,
				39471117291299FE00D1D509 /* Head.swift */,
				39471122291299FF00D1D509 /* LeftArm.swift */,
				3947111F291299FF00D1D509 /* LeftEar.swift */,
				3947111A291299FE00D1D509 /* LeftEarMask.swift */,
				39471119291299FE00D1D509 /* LeftEye.swift */,
				39471116291299FE00D1D509 /* Mouth.swift */,
				39471120291299FF00D1D509 /* Muzzle.swift */,
				3947111E291299FF00D1D509 /* Nose.swift */,
				3947111D291299FF00D1D509 /* RightArm.swift */,
				39471118291299FE00D1D509 /* RightEar.swift */,
				3947111C291299FF00D1D509 /* RightEarMask.swift */,
				3947111B291299FE00D1D509 /* RightEye.swift */,
			);
			path = Parts;
			sourceTree = "<group>";
		};
		3947113C29129A8D00D1D509 /* Helpers */ = {
			isa = PBXGroup;
			children = (
				3947113E29129A9D00D1D509 /* CATransform3D+Helper.swift */,
				3947113F29129A9D00D1D509 /* Degree.swift */,
				3947113D29129A9D00D1D509 /* UIColors+ColorPallete.swift */,
			);
			path = Helpers;
			sourceTree = "<group>";
		};
		39BA8785290FAAA600611E25 = {
			isa = PBXGroup;
			children = (
				39BA8790290FAAA600611E25 /* MessengerApp */,
				39BA878F290FAAA600611E25 /* Products */,
				CE11F96B4D4FD4762859E168 /* Pods */,
				8BF44034D870A0D63BE69A20 /* Frameworks */,
			);
			sourceTree = "<group>";
		};
		39BA878F290FAAA600611E25 /* Products */ = {
			isa = PBXGroup;
			children = (
				39BA878E290FAAA600611E25 /* Taygır.app */,
			);
			name = Products;
			sourceTree = "<group>";
		};
		39BA8790290FAAA600611E25 /* MessengerApp */ = {
			isa = PBXGroup;
			children = (
				39EDEE6B290FF7FA00F02FB5 /* GoogleService-Info.plist */,
				39BA87A9290FABC900611E25 /* Resources */,
				39BA87A8290FABBE00611E25 /* ViewModels */,
				39BA87A7290FABB200611E25 /* Models */,
				39BA87A6290FABAB00611E25 /* Views */,
				39BA87A5290FAB9E00611E25 /* Controllers */,
				39BA879F290FAAAA00611E25 /* Info.plist */,
			);
			path = MessengerApp;
			sourceTree = "<group>";
		};
		39BA87A5290FAB9E00611E25 /* Controllers */ = {
			isa = PBXGroup;
			children = (
				39BA8795290FAAA600611E25 /* ConversationsViewController.swift */,
				39BA87B8290FAE4F00611E25 /* Login */,
				39BA87B0290FAD3800611E25 /* PhotoViewerViewController.swift */,
				39BA87B2290FAD4C00611E25 /* VideoPlayerViewController.swift */,
				39BA87B4290FAD7200611E25 /* NewConversationViewController.swift */,
				39BA87B6290FAD8700611E25 /* ProfileViewController.swift */,
			);
			path = Controllers;
			sourceTree = "<group>";
		};
		39BA87A6290FABAB00611E25 /* Views */ = {
			isa = PBXGroup;
			children = (
				39BA87AA290FABFD00611E25 /* Storyboards */,
				39BA879A290FAAAA00611E25 /* Assets.xcassets */,
			);
			path = Views;
			sourceTree = "<group>";
		};
		39BA87A7290FABB200611E25 /* Models */ = {
			isa = PBXGroup;
			children = (
			);
			path = Models;
			sourceTree = "<group>";
		};
		39BA87A8290FABBE00611E25 /* ViewModels */ = {
			isa = PBXGroup;
			children = (
			);
			path = ViewModels;
			sourceTree = "<group>";
		};
		39BA87A9290FABC900611E25 /* Resources */ = {
			isa = PBXGroup;
			children = (
				3947113C29129A8D00D1D509 /* Helpers */,
				39BA8791290FAAA600611E25 /* AppDelegate.swift */,
				39BA8793290FAAA600611E25 /* SceneDelegate.swift */,
				39B3FAB0290FB7BF00B04D0D /* Extensions.swift */,
				39EDEE69290FF4AF00F02FB5 /* DatabaseManager.swift */,
			);
			path = Resources;
			sourceTree = "<group>";
		};
		39BA87AA290FABFD00611E25 /* Storyboards */ = {
			isa = PBXGroup;
			children = (
				39BA8797290FAAA600611E25 /* Main.storyboard */,
				39BA879C290FAAAA00611E25 /* LaunchScreen.storyboard */,
			);
			path = Storyboards;
			sourceTree = "<group>";
		};
		39BA87B8290FAE4F00611E25 /* Login */ = {
			isa = PBXGroup;
			children = (
				39471114291299C500D1D509 /* Critter */,
				39BA87AB290FACF700611E25 /* LoginViewController.swift */,
				39BA87AD290FAD0B00611E25 /* RegisterViewController.swift */,
			);
			path = Login;
			sourceTree = "<group>";
		};
		8BF44034D870A0D63BE69A20 /* Frameworks */ = {
			isa = PBXGroup;
			children = (
				3A01FB976874A88EEF5FF371 /* Pods_MessengerApp.framework */,
			);
			name = Frameworks;
			sourceTree = "<group>";
		};
		CE11F96B4D4FD4762859E168 /* Pods */ = {
			isa = PBXGroup;
			children = (
				1C42B06FBA27BFC4D62BF2A6 /* Pods-MessengerApp.debug.xcconfig */,
				1CDCB82A6A23E424ED463400 /* Pods-MessengerApp.release.xcconfig */,
			);
			path = Pods;
			sourceTree = "<group>";
		};
/* End PBXGroup section */

/* Begin PBXNativeTarget section */
		39BA878D290FAAA600611E25 /* Taygır */ = {
			isa = PBXNativeTarget;
			buildConfigurationList = 39BA87A2290FAAAA00611E25 /* Build configuration list for PBXNativeTarget "Taygır" */;
			buildPhases = (
				FB4EE4C6A311935439FF6C12 /* [CP] Check Pods Manifest.lock */,
				39BA878A290FAAA600611E25 /* Sources */,
				39BA878B290FAAA600611E25 /* Frameworks */,
				39BA878C290FAAA600611E25 /* Resources */,
				3E159A60498DDE254CCA03FE /* [CP] Embed Pods Frameworks */,
			);
			buildRules = (
			);
			dependencies = (
			);
			name = "Taygır";
			productName = MessengerApp;
			productReference = 39BA878E290FAAA600611E25 /* Taygır.app */;
			productType = "com.apple.product-type.application";
		};
/* End PBXNativeTarget section */

/* Begin PBXProject section */
		39BA8786290FAAA600611E25 /* Project object */ = {
			isa = PBXProject;
			attributes = {
				BuildIndependentTargetsInParallel = 1;
				LastSwiftUpdateCheck = 1400;
				LastUpgradeCheck = 1400;
				TargetAttributes = {
					39BA878D290FAAA600611E25 = {
						CreatedOnToolsVersion = 14.0;
					};
				};
			};
			buildConfigurationList = 39BA8789290FAAA600611E25 /* Build configuration list for PBXProject "Taygır" */;
			compatibilityVersion = "Xcode 14.0";
			developmentRegion = en;
			hasScannedForEncodings = 0;
			knownRegions = (
				en,
				Base,
			);
			mainGroup = 39BA8785290FAAA600611E25;
			productRefGroup = 39BA878F290FAAA600611E25 /* Products */;
			projectDirPath = "";
			projectRoot = "";
			targets = (
				39BA878D290FAAA600611E25 /* Taygır */,
			);
		};
/* End PBXProject section */

/* Begin PBXResourcesBuildPhase section */
		39BA878C290FAAA600611E25 /* Resources */ = {
			isa = PBXResourcesBuildPhase;
			buildActionMask = 2147483647;
			files = (
				39BA879E290FAAAA00611E25 /* LaunchScreen.storyboard in Resources */,
				39BA879B290FAAAA00611E25 /* Assets.xcassets in Resources */,
				39BA8799290FAAA600611E25 /* Main.storyboard in Resources */,
				39EDEE6C290FF7FA00F02FB5 /* GoogleService-Info.plist in Resources */,
			);
			runOnlyForDeploymentPostprocessing = 0;
		};
/* End PBXResourcesBuildPhase section */

/* Begin PBXShellScriptBuildPhase section */
		3E159A60498DDE254CCA03FE /* [CP] Embed Pods Frameworks */ = {
			isa = PBXShellScriptBuildPhase;
			buildActionMask = 2147483647;
			files = (
			);
			inputFileListPaths = (
				"${PODS_ROOT}/Target Support Files/Pods-MessengerApp/Pods-MessengerApp-frameworks-${CONFIGURATION}-input-files.xcfilelist",
			);
			name = "[CP] Embed Pods Frameworks";
			outputFileListPaths = (
				"${PODS_ROOT}/Target Support Files/Pods-MessengerApp/Pods-MessengerApp-frameworks-${CONFIGURATION}-output-files.xcfilelist",
			);
			runOnlyForDeploymentPostprocessing = 0;
			shellPath = /bin/sh;
			shellScript = "\"${PODS_ROOT}/Target Support Files/Pods-MessengerApp/Pods-MessengerApp-frameworks.sh\"\n";
			showEnvVarsInLog = 0;
		};
		FB4EE4C6A311935439FF6C12 /* [CP] Check Pods Manifest.lock */ = {
			isa = PBXShellScriptBuildPhase;
			buildActionMask = 2147483647;
			files = (
			);
			inputFileListPaths = (
			);
			inputPaths = (
				"${PODS_PODFILE_DIR_PATH}/Podfile.lock",
				"${PODS_ROOT}/Manifest.lock",
			);
			name = "[CP] Check Pods Manifest.lock";
			outputFileListPaths = (
			);
			outputPaths = (
				"$(DERIVED_FILE_DIR)/Pods-MessengerApp-checkManifestLockResult.txt",
			);
			runOnlyForDeploymentPostprocessing = 0;
			shellPath = /bin/sh;
			shellScript = "diff \"${PODS_PODFILE_DIR_PATH}/Podfile.lock\" \"${PODS_ROOT}/Manifest.lock\" > /dev/null\nif [ $? != 0 ] ; then\n    # print error to STDERR\n    echo \"error: The sandbox is not in sync with the Podfile.lock. Run 'pod install' or update your CocoaPods installation.\" >&2\n    exit 1\nfi\n# This output is used by Xcode 'outputs' to avoid re-running this script phase.\necho \"SUCCESS\" > \"${SCRIPT_OUTPUT_FILE_0}\"\n";
			showEnvVarsInLog = 0;
		};
/* End PBXShellScriptBuildPhase section */

/* Begin PBXSourcesBuildPhase section */
		39BA878A290FAAA600611E25 /* Sources */ = {
			isa = PBXSourcesBuildPhase;
			buildActionMask = 2147483647;
			files = (
				39BA87AC290FACF700611E25 /* LoginViewController.swift in Sources */,
				3947114229129A9D00D1D509 /* Degree.swift in Sources */,
				39EDEE6A290FF4AF00F02FB5 /* DatabaseManager.swift in Sources */,
				39BA87AE290FAD0B00611E25 /* RegisterViewController.swift in Sources */,
				3947112F291299FF00D1D509 /* LeftArm.swift in Sources */,
				3947113A29129A4800D1D509 /* CritterAssets.swift in Sources */,
				39BA87B5290FAD7200611E25 /* NewConversationViewController.swift in Sources */,
				39471128291299FF00D1D509 /* RightEye.swift in Sources */,
				39BA8796290FAAA600611E25 /* ConversationsViewController.swift in Sources */,
				39471124291299FF00D1D509 /* Head.swift in Sources */,
				3947114129129A9D00D1D509 /* CATransform3D+Helper.swift in Sources */,
				39BA87B3290FAD4C00611E25 /* VideoPlayerViewController.swift in Sources */,
				3947112E291299FF00D1D509 /* Body.swift in Sources */,
				3947114029129A9D00D1D509 /* UIColors+ColorPallete.swift in Sources */,
				39471125291299FF00D1D509 /* RightEar.swift in Sources */,
				39B3FAB1290FB7BF00B04D0D /* Extensions.swift in Sources */,
				3947112B291299FF00D1D509 /* Nose.swift in Sources */,
				39471123291299FF00D1D509 /* Mouth.swift in Sources */,
				39BA8792290FAAA600611E25 /* AppDelegate.swift in Sources */,
				39471127291299FF00D1D509 /* LeftEarMask.swift in Sources */,
				39471126291299FF00D1D509 /* LeftEye.swift in Sources */,
				39BA87B7290FAD8700611E25 /* ProfileViewController.swift in Sources */,
				3947113B29129A4800D1D509 /* CritterAnimatable.swift in Sources */,
				3947112A291299FF00D1D509 /* RightArm.swift in Sources */,
				3947113929129A4800D1D509 /* CritterView.swift in Sources */,
				3947112C291299FF00D1D509 /* LeftEar.swift in Sources */,
				3947112D291299FF00D1D509 /* Muzzle.swift in Sources */,
				39471129291299FF00D1D509 /* RightEarMask.swift in Sources */,
				39BA8794290FAAA600611E25 /* SceneDelegate.swift in Sources */,
				39BA87B1290FAD3800611E25 /* PhotoViewerViewController.swift in Sources */,
			);
			runOnlyForDeploymentPostprocessing = 0;
		};
/* End PBXSourcesBuildPhase section */

/* Begin PBXVariantGroup section */
		39BA8797290FAAA600611E25 /* Main.storyboard */ = {
			isa = PBXVariantGroup;
			children = (
				39BA8798290FAAA600611E25 /* Base */,
			);
			name = Main.storyboard;
			sourceTree = "<group>";
		};
		39BA879C290FAAAA00611E25 /* LaunchScreen.storyboard */ = {
			isa = PBXVariantGroup;
			children = (
				39BA879D290FAAAA00611E25 /* Base */,
			);
			name = LaunchScreen.storyboard;
			sourceTree = "<group>";
		};
/* End PBXVariantGroup section */

/* Begin XCBuildConfiguration section */
		39BA87A0290FAAAA00611E25 /* Debug */ = {
			isa = XCBuildConfiguration;
			buildSettings = {
				ALWAYS_SEARCH_USER_PATHS = NO;
				CLANG_ANALYZER_NONNULL = YES;
				CLANG_ANALYZER_NUMBER_OBJECT_CONVERSION = YES_AGGRESSIVE;
				CLANG_CXX_LANGUAGE_STANDARD = "gnu++20";
				CLANG_ENABLE_MODULES = YES;
				CLANG_ENABLE_OBJC_ARC = YES;
				CLANG_ENABLE_OBJC_WEAK = YES;
				CLANG_WARN_BLOCK_CAPTURE_AUTORELEASING = YES;
				CLANG_WARN_BOOL_CONVERSION = YES;
				CLANG_WARN_COMMA = YES;
				CLANG_WARN_CONSTANT_CONVERSION = YES;
				CLANG_WARN_DEPRECATED_OBJC_IMPLEMENTATIONS = YES;
				CLANG_WARN_DIRECT_OBJC_ISA_USAGE = YES_ERROR;
				CLANG_WARN_DOCUMENTATION_COMMENTS = YES;
				CLANG_WARN_EMPTY_BODY = YES;
				CLANG_WARN_ENUM_CONVERSION = YES;
				CLANG_WARN_INFINITE_RECURSION = YES;
				CLANG_WARN_INT_CONVERSION = YES;
				CLANG_WARN_NON_LITERAL_NULL_CONVERSION = YES;
				CLANG_WARN_OBJC_IMPLICIT_RETAIN_SELF = YES;
				CLANG_WARN_OBJC_LITERAL_CONVERSION = YES;
				CLANG_WARN_OBJC_ROOT_CLASS = YES_ERROR;
				CLANG_WARN_QUOTED_INCLUDE_IN_FRAMEWORK_HEADER = YES;
				CLANG_WARN_RANGE_LOOP_ANALYSIS = YES;
				CLANG_WARN_STRICT_PROTOTYPES = YES;
				CLANG_WARN_SUSPICIOUS_MOVE = YES;
				CLANG_WARN_UNGUARDED_AVAILABILITY = YES_AGGRESSIVE;
				CLANG_WARN_UNREACHABLE_CODE = YES;
				CLANG_WARN__DUPLICATE_METHOD_MATCH = YES;
				COPY_PHASE_STRIP = NO;
				DEBUG_INFORMATION_FORMAT = dwarf;
				ENABLE_STRICT_OBJC_MSGSEND = YES;
				ENABLE_TESTABILITY = YES;
				GCC_C_LANGUAGE_STANDARD = gnu11;
				GCC_DYNAMIC_NO_PIC = NO;
				GCC_NO_COMMON_BLOCKS = YES;
				GCC_OPTIMIZATION_LEVEL = 0;
				GCC_PREPROCESSOR_DEFINITIONS = (
					"DEBUG=1",
					"$(inherited)",
				);
				GCC_WARN_64_TO_32_BIT_CONVERSION = YES;
				GCC_WARN_ABOUT_RETURN_TYPE = YES_ERROR;
				GCC_WARN_UNDECLARED_SELECTOR = YES;
				GCC_WARN_UNINITIALIZED_AUTOS = YES_AGGRESSIVE;
				GCC_WARN_UNUSED_FUNCTION = YES;
				GCC_WARN_UNUSED_VARIABLE = YES;
				IPHONEOS_DEPLOYMENT_TARGET = 16.0;
				MTL_ENABLE_DEBUG_INFO = INCLUDE_SOURCE;
				MTL_FAST_MATH = YES;
				ONLY_ACTIVE_ARCH = YES;
				SDKROOT = iphoneos;
				SWIFT_ACTIVE_COMPILATION_CONDITIONS = DEBUG;
				SWIFT_OPTIMIZATION_LEVEL = "-Onone";
			};
			name = Debug;
		};
		39BA87A1290FAAAA00611E25 /* Release */ = {
			isa = XCBuildConfiguration;
			buildSettings = {
				ALWAYS_SEARCH_USER_PATHS = NO;
				CLANG_ANALYZER_NONNULL = YES;
				CLANG_ANALYZER_NUMBER_OBJECT_CONVERSION = YES_AGGRESSIVE;
				CLANG_CXX_LANGUAGE_STANDARD = "gnu++20";
				CLANG_ENABLE_MODULES = YES;
				CLANG_ENABLE_OBJC_ARC = YES;
				CLANG_ENABLE_OBJC_WEAK = YES;
				CLANG_WARN_BLOCK_CAPTURE_AUTORELEASING = YES;
				CLANG_WARN_BOOL_CONVERSION = YES;
				CLANG_WARN_COMMA = YES;
				CLANG_WARN_CONSTANT_CONVERSION = YES;
				CLANG_WARN_DEPRECATED_OBJC_IMPLEMENTATIONS = YES;
				CLANG_WARN_DIRECT_OBJC_ISA_USAGE = YES_ERROR;
				CLANG_WARN_DOCUMENTATION_COMMENTS = YES;
				CLANG_WARN_EMPTY_BODY = YES;
				CLANG_WARN_ENUM_CONVERSION = YES;
				CLANG_WARN_INFINITE_RECURSION = YES;
				CLANG_WARN_INT_CONVERSION = YES;
				CLANG_WARN_NON_LITERAL_NULL_CONVERSION = YES;
				CLANG_WARN_OBJC_IMPLICIT_RETAIN_SELF = YES;
				CLANG_WARN_OBJC_LITERAL_CONVERSION = YES;
				CLANG_WARN_OBJC_ROOT_CLASS = YES_ERROR;
				CLANG_WARN_QUOTED_INCLUDE_IN_FRAMEWORK_HEADER = YES;
				CLANG_WARN_RANGE_LOOP_ANALYSIS = YES;
				CLANG_WARN_STRICT_PROTOTYPES = YES;
				CLANG_WARN_SUSPICIOUS_MOVE = YES;
				CLANG_WARN_UNGUARDED_AVAILABILITY = YES_AGGRESSIVE;
				CLANG_WARN_UNREACHABLE_CODE = YES;
				CLANG_WARN__DUPLICATE_METHOD_MATCH = YES;
				COPY_PHASE_STRIP = NO;
				DEBUG_INFORMATION_FORMAT = "dwarf-with-dsym";
				ENABLE_NS_ASSERTIONS = NO;
				ENABLE_STRICT_OBJC_MSGSEND = YES;
				GCC_C_LANGUAGE_STANDARD = gnu11;
				GCC_NO_COMMON_BLOCKS = YES;
				GCC_WARN_64_TO_32_BIT_CONVERSION = YES;
				GCC_WARN_ABOUT_RETURN_TYPE = YES_ERROR;
				GCC_WARN_UNDECLARED_SELECTOR = YES;
				GCC_WARN_UNINITIALIZED_AUTOS = YES_AGGRESSIVE;
				GCC_WARN_UNUSED_FUNCTION = YES;
				GCC_WARN_UNUSED_VARIABLE = YES;
				IPHONEOS_DEPLOYMENT_TARGET = 16.0;
				MTL_ENABLE_DEBUG_INFO = NO;
				MTL_FAST_MATH = YES;
				SDKROOT = iphoneos;
				SWIFT_COMPILATION_MODE = wholemodule;
				SWIFT_OPTIMIZATION_LEVEL = "-O";
				VALIDATE_PRODUCT = YES;
			};
			name = Release;
		};
		39BA87A3290FAAAA00611E25 /* Debug */ = {
			isa = XCBuildConfiguration;
			baseConfigurationReference = 1C42B06FBA27BFC4D62BF2A6 /* Pods-MessengerApp.debug.xcconfig */;
			buildSettings = {
				ASSETCATALOG_COMPILER_APPICON_NAME = AppIcon;
				ASSETCATALOG_COMPILER_GLOBAL_ACCENT_COLOR_NAME = AccentColor;
				CODE_SIGN_STYLE = Automatic;
				CURRENT_PROJECT_VERSION = 1;
				DEVELOPMENT_TEAM = S36XNC4YL6;
				GENERATE_INFOPLIST_FILE = YES;
				INFOPLIST_FILE = MessengerApp/Info.plist;
				INFOPLIST_KEY_CFBundleDisplayName = "Taygır";
				INFOPLIST_KEY_UIApplicationSupportsIndirectInputEvents = YES;
				INFOPLIST_KEY_UILaunchStoryboardName = LaunchScreen;
				INFOPLIST_KEY_UIMainStoryboardFile = Main;
				INFOPLIST_KEY_UISupportedInterfaceOrientations = UIInterfaceOrientationPortrait;
				INFOPLIST_KEY_UISupportedInterfaceOrientations_iPad = "UIInterfaceOrientationLandscapeLeft UIInterfaceOrientationLandscapeRight UIInterfaceOrientationPortrait UIInterfaceOrientationPortraitUpsideDown";
				LD_RUNPATH_SEARCH_PATHS = (
					"$(inherited)",
					"@executable_path/Frameworks",
				);
				MARKETING_VERSION = 1.0;
				PRODUCT_BUNDLE_IDENTIFIER = com.thebilgin.MessengerApp;
				PRODUCT_NAME = "$(TARGET_NAME)";
				SWIFT_EMIT_LOC_STRINGS = YES;
				SWIFT_VERSION = 5.0;
				TARGETED_DEVICE_FAMILY = "1,2";
			};
			name = Debug;
		};
		39BA87A4290FAAAA00611E25 /* Release */ = {
			isa = XCBuildConfiguration;
			baseConfigurationReference = 1CDCB82A6A23E424ED463400 /* Pods-MessengerApp.release.xcconfig */;
			buildSettings = {
				ASSETCATALOG_COMPILER_APPICON_NAME = AppIcon;
				ASSETCATALOG_COMPILER_GLOBAL_ACCENT_COLOR_NAME = AccentColor;
				CODE_SIGN_STYLE = Automatic;
				CURRENT_PROJECT_VERSION = 1;
				DEVELOPMENT_TEAM = S36XNC4YL6;
				GENERATE_INFOPLIST_FILE = YES;
				INFOPLIST_FILE = MessengerApp/Info.plist;
				INFOPLIST_KEY_CFBundleDisplayName = "Taygır";
				INFOPLIST_KEY_UIApplicationSupportsIndirectInputEvents = YES;
				INFOPLIST_KEY_UILaunchStoryboardName = LaunchScreen;
				INFOPLIST_KEY_UIMainStoryboardFile = Main;
				INFOPLIST_KEY_UISupportedInterfaceOrientations = UIInterfaceOrientationPortrait;
				INFOPLIST_KEY_UISupportedInterfaceOrientations_iPad = "UIInterfaceOrientationLandscapeLeft UIInterfaceOrientationLandscapeRight UIInterfaceOrientationPortrait UIInterfaceOrientationPortraitUpsideDown";
				LD_RUNPATH_SEARCH_PATHS = (
					"$(inherited)",
					"@executable_path/Frameworks",
				);
				MARKETING_VERSION = 1.0;
				PRODUCT_BUNDLE_IDENTIFIER = com.thebilgin.MessengerApp;
				PRODUCT_NAME = "$(TARGET_NAME)";
				SWIFT_EMIT_LOC_STRINGS = YES;
				SWIFT_VERSION = 5.0;
				TARGETED_DEVICE_FAMILY = "1,2";
			};
			name = Release;
		};
/* End XCBuildConfiguration section */

/* Begin XCConfigurationList section */
		39BA8789290FAAA600611E25 /* Build configuration list for PBXProject "Taygır" */ = {
			isa = XCConfigurationList;
			buildConfigurations = (
				39BA87A0290FAAAA00611E25 /* Debug */,
				39BA87A1290FAAAA00611E25 /* Release */,
			);
			defaultConfigurationIsVisible = 0;
			defaultConfigurationName = Release;
		};
		39BA87A2290FAAAA00611E25 /* Build configuration list for PBXNativeTarget "Taygır" */ = {
			isa = XCConfigurationList;
			buildConfigurations = (
				39BA87A3290FAAAA00611E25 /* Debug */,
				39BA87A4290FAAAA00611E25 /* Release */,
			);
			defaultConfigurationIsVisible = 0;
			defaultConfigurationName = Release;
		};
/* End XCConfigurationList section */
	};
	rootObject = 39BA8786290FAAA600611E25 /* Project object */;
}
